// !$*UTF8*$!
{
	archiveVersion = 1;
	classes = {
	};
	objectVersion = 46;
	objects = {

/* Begin PBXBuildFile section */
		2404878C1CA281A00051DE01 /* LoginViewController.swift in Sources */ = {isa = PBXBuildFile; fileRef = 2404878B1CA281A00051DE01 /* LoginViewController.swift */; };
		241587FE1CA7209800BCE3E0 /* Constant.swift in Sources */ = {isa = PBXBuildFile; fileRef = 241587FD1CA7209800BCE3E0 /* Constant.swift */; };
		241588001CA7228600BCE3E0 /* LoginManager.swift in Sources */ = {isa = PBXBuildFile; fileRef = 241587FF1CA7228600BCE3E0 /* LoginManager.swift */; };
		241B68ED1CA365DA006FFEA0 /* FBSDKCoreKit.framework in Frameworks */ = {isa = PBXBuildFile; fileRef = 241B68EA1CA365DA006FFEA0 /* FBSDKCoreKit.framework */; };
		241B68EE1CA365DA006FFEA0 /* FBSDKLoginKit.framework in Frameworks */ = {isa = PBXBuildFile; fileRef = 241B68EB1CA365DA006FFEA0 /* FBSDKLoginKit.framework */; };
		241B68EF1CA365DA006FFEA0 /* FBSDKShareKit.framework in Frameworks */ = {isa = PBXBuildFile; fileRef = 241B68EC1CA365DA006FFEA0 /* FBSDKShareKit.framework */; };
		24473E561CA2217D000B0AF9 /* TagCell.swift in Sources */ = {isa = PBXBuildFile; fileRef = 24473E551CA2217D000B0AF9 /* TagCell.swift */; };
		24473E581CA221A3000B0AF9 /* PreferenceViewController.swift in Sources */ = {isa = PBXBuildFile; fileRef = 24473E571CA221A3000B0AF9 /* PreferenceViewController.swift */; };
		24473E5C1CA23582000B0AF9 /* Tag.swift in Sources */ = {isa = PBXBuildFile; fileRef = 24473E5B1CA23582000B0AF9 /* Tag.swift */; };
		2477D19C1C8D095000A4D6BF /* Post.swift in Sources */ = {isa = PBXBuildFile; fileRef = 2477D19B1C8D095000A4D6BF /* Post.swift */; };
		2477D19E1C8D099000A4D6BF /* FeedCell.swift in Sources */ = {isa = PBXBuildFile; fileRef = 2477D19D1C8D099000A4D6BF /* FeedCell.swift */; };
		2477D1A01C8D0A1100A4D6BF /* Extension.swift in Sources */ = {isa = PBXBuildFile; fileRef = 2477D19F1C8D0A1100A4D6BF /* Extension.swift */; };
		247CFF7C1C8D1149001596DB /* RssItem.swift in Sources */ = {isa = PBXBuildFile; fileRef = 247CFF7B1C8D1149001596DB /* RssItem.swift */; };
		247CFF7E1C8D11C8001596DB /* ArticleContentViewController.swift in Sources */ = {isa = PBXBuildFile; fileRef = 247CFF7D1C8D11C8001596DB /* ArticleContentViewController.swift */; };
		2484F6C71C9CFF160002C216 /* Css.swift in Sources */ = {isa = PBXBuildFile; fileRef = 2484F6C61C9CFF150002C216 /* Css.swift */; };
		2488E7B31C8D481A00B50581 /* Css in Resources */ = {isa = PBXBuildFile; fileRef = 2488E7B21C8D481A00B50581 /* Css */; };
		24F700681CB5AB690032D240 /* UserProfileController.swift in Sources */ = {isa = PBXBuildFile; fileRef = 24F700671CB5AB690032D240 /* UserProfileController.swift */; };
		B35C85A5DA0503DF548F9B98 /* Pods.framework in Frameworks */ = {isa = PBXBuildFile; fileRef = DECAA2AD7ADBBCB18A5703D9 /* Pods.framework */; };
		C7A85F341C78C137007E9A00 /* AppDelegate.swift in Sources */ = {isa = PBXBuildFile; fileRef = C7A85F331C78C137007E9A00 /* AppDelegate.swift */; };
		C7A85F361C78C137007E9A00 /* RootViewController.swift in Sources */ = {isa = PBXBuildFile; fileRef = C7A85F351C78C137007E9A00 /* RootViewController.swift */; };
		C7A85F3B1C78C137007E9A00 /* Assets.xcassets in Resources */ = {isa = PBXBuildFile; fileRef = C7A85F3A1C78C137007E9A00 /* Assets.xcassets */; };
		C7A85F3E1C78C137007E9A00 /* LaunchScreen.storyboard in Resources */ = {isa = PBXBuildFile; fileRef = C7A85F3C1C78C137007E9A00 /* LaunchScreen.storyboard */; };
/* End PBXBuildFile section */

/* Begin PBXFileReference section */
		2404878B1CA281A00051DE01 /* LoginViewController.swift */ = {isa = PBXFileReference; fileEncoding = 4; lastKnownFileType = sourcecode.swift; name = LoginViewController.swift; path = reader/Controller/LoginViewController.swift; sourceTree = "<group>"; };
		241587FD1CA7209800BCE3E0 /* Constant.swift */ = {isa = PBXFileReference; fileEncoding = 4; lastKnownFileType = sourcecode.swift; name = Constant.swift; path = reader/Model/Constant.swift; sourceTree = "<group>"; };
		241587FF1CA7228600BCE3E0 /* LoginManager.swift */ = {isa = PBXFileReference; fileEncoding = 4; lastKnownFileType = sourcecode.swift; name = LoginManager.swift; path = reader/Controller/LoginManager.swift; sourceTree = "<group>"; };
		241B68EA1CA365DA006FFEA0 /* FBSDKCoreKit.framework */ = {isa = PBXFileReference; lastKnownFileType = wrapper.framework; path = FBSDKCoreKit.framework; sourceTree = "<group>"; };
		241B68EB1CA365DA006FFEA0 /* FBSDKLoginKit.framework */ = {isa = PBXFileReference; lastKnownFileType = wrapper.framework; path = FBSDKLoginKit.framework; sourceTree = "<group>"; };
		241B68EC1CA365DA006FFEA0 /* FBSDKShareKit.framework */ = {isa = PBXFileReference; lastKnownFileType = wrapper.framework; path = FBSDKShareKit.framework; sourceTree = "<group>"; };
		24473E551CA2217D000B0AF9 /* TagCell.swift */ = {isa = PBXFileReference; fileEncoding = 4; lastKnownFileType = sourcecode.swift; name = TagCell.swift; path = reader/View/TagCell.swift; sourceTree = "<group>"; };
		24473E571CA221A3000B0AF9 /* PreferenceViewController.swift */ = {isa = PBXFileReference; fileEncoding = 4; lastKnownFileType = sourcecode.swift; name = PreferenceViewController.swift; path = reader/Controller/PreferenceViewController.swift; sourceTree = "<group>"; };
		24473E5B1CA23582000B0AF9 /* Tag.swift */ = {isa = PBXFileReference; fileEncoding = 4; lastKnownFileType = sourcecode.swift; name = Tag.swift; path = reader/Model/Tag.swift; sourceTree = "<group>"; };
		2477D19B1C8D095000A4D6BF /* Post.swift */ = {isa = PBXFileReference; fileEncoding = 4; lastKnownFileType = sourcecode.swift; name = Post.swift; path = reader/Model/Post.swift; sourceTree = "<group>"; };
		2477D19D1C8D099000A4D6BF /* FeedCell.swift */ = {isa = PBXFileReference; fileEncoding = 4; lastKnownFileType = sourcecode.swift; name = FeedCell.swift; path = reader/View/FeedCell.swift; sourceTree = "<group>"; };
		2477D19F1C8D0A1100A4D6BF /* Extension.swift */ = {isa = PBXFileReference; fileEncoding = 4; lastKnownFileType = sourcecode.swift; path = Extension.swift; sourceTree = "<group>"; };
		247CFF7B1C8D1149001596DB /* RssItem.swift */ = {isa = PBXFileReference; fileEncoding = 4; lastKnownFileType = sourcecode.swift; name = RssItem.swift; path = reader/Model/RssItem.swift; sourceTree = "<group>"; };
		247CFF7D1C8D11C8001596DB /* ArticleContentViewController.swift */ = {isa = PBXFileReference; fileEncoding = 4; lastKnownFileType = sourcecode.swift; name = ArticleContentViewController.swift; path = reader/Controller/ArticleContentViewController.swift; sourceTree = "<group>"; };
		2484F6C61C9CFF150002C216 /* Css.swift */ = {isa = PBXFileReference; fileEncoding = 4; lastKnownFileType = sourcecode.swift; name = Css.swift; path = reader/Model/Css.swift; sourceTree = "<group>"; };
		2488E7B21C8D481A00B50581 /* Css */ = {isa = PBXFileReference; lastKnownFileType = folder; path = Css; sourceTree = "<group>"; };
		24F700671CB5AB690032D240 /* UserProfileController.swift */ = {isa = PBXFileReference; fileEncoding = 4; lastKnownFileType = sourcecode.swift; name = UserProfileController.swift; path = reader/Controller/UserProfileController.swift; sourceTree = "<group>"; };
		34DDF0BECBEEC4F8A29624B0 /* Pods.debug.xcconfig */ = {isa = PBXFileReference; includeInIndex = 1; lastKnownFileType = text.xcconfig; name = Pods.debug.xcconfig; path = "Pods/Target Support Files/Pods/Pods.debug.xcconfig"; sourceTree = "<group>"; };
		6D8C8D5A977A8A10AC4E433F /* Pods.release.xcconfig */ = {isa = PBXFileReference; includeInIndex = 1; lastKnownFileType = text.xcconfig; name = Pods.release.xcconfig; path = "Pods/Target Support Files/Pods/Pods.release.xcconfig"; sourceTree = "<group>"; };
		C7A85F301C78C137007E9A00 /* reader.app */ = {isa = PBXFileReference; explicitFileType = wrapper.application; includeInIndex = 0; path = reader.app; sourceTree = BUILT_PRODUCTS_DIR; };
		C7A85F331C78C137007E9A00 /* AppDelegate.swift */ = {isa = PBXFileReference; lastKnownFileType = sourcecode.swift; path = AppDelegate.swift; sourceTree = "<group>"; };
		C7A85F351C78C137007E9A00 /* RootViewController.swift */ = {isa = PBXFileReference; lastKnownFileType = sourcecode.swift; name = RootViewController.swift; path = reader/Controller/RootViewController.swift; sourceTree = "<group>"; };
		C7A85F3A1C78C137007E9A00 /* Assets.xcassets */ = {isa = PBXFileReference; lastKnownFileType = folder.assetcatalog; path = Assets.xcassets; sourceTree = "<group>"; };
		C7A85F3D1C78C137007E9A00 /* Base */ = {isa = PBXFileReference; lastKnownFileType = file.storyboard; name = Base; path = Base.lproj/LaunchScreen.storyboard; sourceTree = "<group>"; };
		C7A85F3F1C78C137007E9A00 /* Info.plist */ = {isa = PBXFileReference; lastKnownFileType = text.plist.xml; path = Info.plist; sourceTree = "<group>"; };
		DECAA2AD7ADBBCB18A5703D9 /* Pods.framework */ = {isa = PBXFileReference; explicitFileType = wrapper.framework; includeInIndex = 0; path = Pods.framework; sourceTree = BUILT_PRODUCTS_DIR; };
/* End PBXFileReference section */

/* Begin PBXFrameworksBuildPhase section */
		C7A85F2D1C78C137007E9A00 /* Frameworks */ = {
			isa = PBXFrameworksBuildPhase;
			buildActionMask = 2147483647;
			files = (
				241B68EF1CA365DA006FFEA0 /* FBSDKShareKit.framework in Frameworks */,
				B35C85A5DA0503DF548F9B98 /* Pods.framework in Frameworks */,
				241B68ED1CA365DA006FFEA0 /* FBSDKCoreKit.framework in Frameworks */,
				241B68EE1CA365DA006FFEA0 /* FBSDKLoginKit.framework in Frameworks */,
			);
			runOnlyForDeploymentPostprocessing = 0;
		};
/* End PBXFrameworksBuildPhase section */

/* Begin PBXGroup section */
		2484F6C31C9CFDE40002C216 /* Model */ = {
			isa = PBXGroup;
			children = (
				247CFF7B1C8D1149001596DB /* RssItem.swift */,
				2484F6C61C9CFF150002C216 /* Css.swift */,
				2477D19B1C8D095000A4D6BF /* Post.swift */,
				24473E5B1CA23582000B0AF9 /* Tag.swift */,
				241587FD1CA7209800BCE3E0 /* Constant.swift */,
			);
			name = Model;
			sourceTree = "<group>";
		};
		2484F6C41C9CFDFC0002C216 /* View */ = {
			isa = PBXGroup;
			children = (
				2477D19D1C8D099000A4D6BF /* FeedCell.swift */,
				24473E551CA2217D000B0AF9 /* TagCell.swift */,
			);
			name = View;
			sourceTree = "<group>";
		};
		2484F6C51C9CFE060002C216 /* Controller */ = {
			isa = PBXGroup;
			children = (
				C7A85F351C78C137007E9A00 /* RootViewController.swift */,
				247CFF7D1C8D11C8001596DB /* ArticleContentViewController.swift */,
				24473E571CA221A3000B0AF9 /* PreferenceViewController.swift */,
				2404878B1CA281A00051DE01 /* LoginViewController.swift */,
				241587FF1CA7228600BCE3E0 /* LoginManager.swift */,
				24F700671CB5AB690032D240 /* UserProfileController.swift */,
			);
			name = Controller;
			sourceTree = "<group>";
		};
		7E506CDC44ABFC672084D59D /* Frameworks */ = {
			isa = PBXGroup;
			children = (
				DECAA2AD7ADBBCB18A5703D9 /* Pods.framework */,
			);
			name = Frameworks;
			sourceTree = "<group>";
		};
		962F8AD169940699B8F9C86B /* Pods */ = {
			isa = PBXGroup;
			children = (
				34DDF0BECBEEC4F8A29624B0 /* Pods.debug.xcconfig */,
				6D8C8D5A977A8A10AC4E433F /* Pods.release.xcconfig */,
			);
			name = Pods;
			sourceTree = "<group>";
		};
		C7A85F271C78C137007E9A00 = {
			isa = PBXGroup;
			children = (
				2484F6C51C9CFE060002C216 /* Controller */,
				2484F6C41C9CFDFC0002C216 /* View */,
				2484F6C31C9CFDE40002C216 /* Model */,
				C7A85F321C78C137007E9A00 /* reader */,
				C7A85F311C78C137007E9A00 /* Products */,
				962F8AD169940699B8F9C86B /* Pods */,
				7E506CDC44ABFC672084D59D /* Frameworks */,
			);
			sourceTree = "<group>";
		};
		C7A85F311C78C137007E9A00 /* Products */ = {
			isa = PBXGroup;
			children = (
				C7A85F301C78C137007E9A00 /* reader.app */,
			);
			name = Products;
			sourceTree = "<group>";
		};
		C7A85F321C78C137007E9A00 /* reader */ = {
			isa = PBXGroup;
			children = (
				241B68EA1CA365DA006FFEA0 /* FBSDKCoreKit.framework */,
				241B68EB1CA365DA006FFEA0 /* FBSDKLoginKit.framework */,
				241B68EC1CA365DA006FFEA0 /* FBSDKShareKit.framework */,
				2488E7B21C8D481A00B50581 /* Css */,
				C7A85F331C78C137007E9A00 /* AppDelegate.swift */,
				C7A85F3A1C78C137007E9A00 /* Assets.xcassets */,
				C7A85F3C1C78C137007E9A00 /* LaunchScreen.storyboard */,
				C7A85F3F1C78C137007E9A00 /* Info.plist */,
				2477D19F1C8D0A1100A4D6BF /* Extension.swift */,
			);
			path = reader;
			sourceTree = "<group>";
		};
/* End PBXGroup section */

/* Begin PBXNativeTarget section */
		C7A85F2F1C78C137007E9A00 /* reader */ = {
			isa = PBXNativeTarget;
			buildConfigurationList = C7A85F421C78C137007E9A00 /* Build configuration list for PBXNativeTarget "reader" */;
			buildPhases = (
				67484062890A8816FA20EB5B /* Check Pods Manifest.lock */,
				C7A85F2C1C78C137007E9A00 /* Sources */,
				C7A85F2D1C78C137007E9A00 /* Frameworks */,
				C7A85F2E1C78C137007E9A00 /* Resources */,
				760849C2C84EC8C4A4566333 /* Embed Pods Frameworks */,
				0D615F359661C5D69BE450CE /* Copy Pods Resources */,
			);
			buildRules = (
			);
			dependencies = (
			);
			name = reader;
			productName = facebookfeed2;
			productReference = C7A85F301C78C137007E9A00 /* reader.app */;
			productType = "com.apple.product-type.application";
		};
/* End PBXNativeTarget section */

/* Begin PBXProject section */
		C7A85F281C78C137007E9A00 /* Project object */ = {
			isa = PBXProject;
			attributes = {
				LastSwiftUpdateCheck = 0720;
				LastUpgradeCheck = 0720;
				ORGANIZATIONNAME = zizhengwu;
				TargetAttributes = {
					C7A85F2F1C78C137007E9A00 = {
						CreatedOnToolsVersion = 7.2;
					};
				};
			};
			buildConfigurationList = C7A85F2B1C78C137007E9A00 /* Build configuration list for PBXProject "reader" */;
			compatibilityVersion = "Xcode 3.2";
			developmentRegion = English;
			hasScannedForEncodings = 0;
			knownRegions = (
				en,
				Base,
			);
			mainGroup = C7A85F271C78C137007E9A00;
			productRefGroup = C7A85F311C78C137007E9A00 /* Products */;
			projectDirPath = "";
			projectRoot = "";
			targets = (
				C7A85F2F1C78C137007E9A00 /* reader */,
			);
		};
/* End PBXProject section */

/* Begin PBXResourcesBuildPhase section */
		C7A85F2E1C78C137007E9A00 /* Resources */ = {
			isa = PBXResourcesBuildPhase;
			buildActionMask = 2147483647;
			files = (
				2488E7B31C8D481A00B50581 /* Css in Resources */,
				C7A85F3E1C78C137007E9A00 /* LaunchScreen.storyboard in Resources */,
				C7A85F3B1C78C137007E9A00 /* Assets.xcassets in Resources */,
			);
			runOnlyForDeploymentPostprocessing = 0;
		};
/* End PBXResourcesBuildPhase section */

/* Begin PBXShellScriptBuildPhase section */
		0D615F359661C5D69BE450CE /* Copy Pods Resources */ = {
			isa = PBXShellScriptBuildPhase;
			buildActionMask = 2147483647;
			files = (
			);
			inputPaths = (
			);
			name = "Copy Pods Resources";
			outputPaths = (
			);
			runOnlyForDeploymentPostprocessing = 0;
			shellPath = /bin/sh;
			shellScript = "\"${SRCROOT}/Pods/Target Support Files/Pods/Pods-resources.sh\"\n";
			showEnvVarsInLog = 0;
		};
		67484062890A8816FA20EB5B /* Check Pods Manifest.lock */ = {
			isa = PBXShellScriptBuildPhase;
			buildActionMask = 2147483647;
			files = (
			);
			inputPaths = (
			);
			name = "Check Pods Manifest.lock";
			outputPaths = (
			);
			runOnlyForDeploymentPostprocessing = 0;
			shellPath = /bin/sh;
			shellScript = "diff \"${PODS_ROOT}/../Podfile.lock\" \"${PODS_ROOT}/Manifest.lock\" > /dev/null\nif [[ $? != 0 ]] ; then\n    cat << EOM\nerror: The sandbox is not in sync with the Podfile.lock. Run 'pod install' or update your CocoaPods installation.\nEOM\n    exit 1\nfi\n";
			showEnvVarsInLog = 0;
		};
		760849C2C84EC8C4A4566333 /* Embed Pods Frameworks */ = {
			isa = PBXShellScriptBuildPhase;
			buildActionMask = 2147483647;
			files = (
			);
			inputPaths = (
			);
			name = "Embed Pods Frameworks";
			outputPaths = (
			);
			runOnlyForDeploymentPostprocessing = 0;
			shellPath = /bin/sh;
			shellScript = "\"${SRCROOT}/Pods/Target Support Files/Pods/Pods-frameworks.sh\"\n";
			showEnvVarsInLog = 0;
		};
/* End PBXShellScriptBuildPhase section */

/* Begin PBXSourcesBuildPhase section */
		C7A85F2C1C78C137007E9A00 /* Sources */ = {
			isa = PBXSourcesBuildPhase;
			buildActionMask = 2147483647;
			files = (
				241588001CA7228600BCE3E0 /* LoginManager.swift in Sources */,
				2404878C1CA281A00051DE01 /* LoginViewController.swift in Sources */,
				24473E581CA221A3000B0AF9 /* PreferenceViewController.swift in Sources */,
				247CFF7E1C8D11C8001596DB /* ArticleContentViewController.swift in Sources */,
				2477D1A01C8D0A1100A4D6BF /* Extension.swift in Sources */,
				2477D19C1C8D095000A4D6BF /* Post.swift in Sources */,
				2477D19E1C8D099000A4D6BF /* FeedCell.swift in Sources */,
				C7A85F361C78C137007E9A00 /* RootViewController.swift in Sources */,
				24F700681CB5AB690032D240 /* UserProfileController.swift in Sources */,
				241587FE1CA7209800BCE3E0 /* Constant.swift in Sources */,
				24473E5C1CA23582000B0AF9 /* Tag.swift in Sources */,
				C7A85F341C78C137007E9A00 /* AppDelegate.swift in Sources */,
				24473E561CA2217D000B0AF9 /* TagCell.swift in Sources */,
				2484F6C71C9CFF160002C216 /* Css.swift in Sources */,
				247CFF7C1C8D1149001596DB /* RssItem.swift in Sources */,
			);
			runOnlyForDeploymentPostprocessing = 0;
		};
/* End PBXSourcesBuildPhase section */

/* Begin PBXVariantGroup section */
		C7A85F3C1C78C137007E9A00 /* LaunchScreen.storyboard */ = {
			isa = PBXVariantGroup;
			children = (
				C7A85F3D1C78C137007E9A00 /* Base */,
			);
			name = LaunchScreen.storyboard;
			sourceTree = "<group>";
		};
/* End PBXVariantGroup section */

/* Begin XCBuildConfiguration section */
		C7A85F401C78C137007E9A00 /* Debug */ = {
			isa = XCBuildConfiguration;
			buildSettings = {
				ALWAYS_SEARCH_USER_PATHS = NO;
				CLANG_CXX_LANGUAGE_STANDARD = "gnu++0x";
				CLANG_CXX_LIBRARY = "libc++";
				CLANG_ENABLE_MODULES = YES;
				CLANG_ENABLE_OBJC_ARC = YES;
				CLANG_WARN_BOOL_CONVERSION = YES;
				CLANG_WARN_CONSTANT_CONVERSION = YES;
				CLANG_WARN_DIRECT_OBJC_ISA_USAGE = YES_ERROR;
				CLANG_WARN_EMPTY_BODY = YES;
				CLANG_WARN_ENUM_CONVERSION = YES;
				CLANG_WARN_INT_CONVERSION = YES;
				CLANG_WARN_OBJC_ROOT_CLASS = YES_ERROR;
				CLANG_WARN_UNREACHABLE_CODE = YES;
				CLANG_WARN__DUPLICATE_METHOD_MATCH = YES;
				"CODE_SIGN_IDENTITY[sdk=iphoneos*]" = "iPhone Developer";
				COPY_PHASE_STRIP = NO;
				DEBUG_INFORMATION_FORMAT = dwarf;
				ENABLE_STRICT_OBJC_MSGSEND = YES;
				ENABLE_TESTABILITY = YES;
				GCC_C_LANGUAGE_STANDARD = gnu99;
				GCC_DYNAMIC_NO_PIC = NO;
				GCC_NO_COMMON_BLOCKS = YES;
				GCC_OPTIMIZATION_LEVEL = 0;
				GCC_PREPROCESSOR_DEFINITIONS = (
					"DEBUG=1",
					"$(inherited)",
				);
				GCC_WARN_64_TO_32_BIT_CONVERSION = YES;
				GCC_WARN_ABOUT_RETURN_TYPE = YES_ERROR;
				GCC_WARN_UNDECLARED_SELECTOR = YES;
				GCC_WARN_UNINITIALIZED_AUTOS = YES_AGGRESSIVE;
				GCC_WARN_UNUSED_FUNCTION = YES;
				GCC_WARN_UNUSED_VARIABLE = YES;
				IPHONEOS_DEPLOYMENT_TARGET = 9.2;
				MTL_ENABLE_DEBUG_INFO = YES;
				ONLY_ACTIVE_ARCH = YES;
				SDKROOT = iphoneos;
				SWIFT_OPTIMIZATION_LEVEL = "-Onone";
				TARGETED_DEVICE_FAMILY = "1,2";
			};
			name = Debug;
		};
		C7A85F411C78C137007E9A00 /* Release */ = {
			isa = XCBuildConfiguration;
			buildSettings = {
				ALWAYS_SEARCH_USER_PATHS = NO;
				CLANG_CXX_LANGUAGE_STANDARD = "gnu++0x";
				CLANG_CXX_LIBRARY = "libc++";
				CLANG_ENABLE_MODULES = YES;
				CLANG_ENABLE_OBJC_ARC = YES;
				CLANG_WARN_BOOL_CONVERSION = YES;
				CLANG_WARN_CONSTANT_CONVERSION = YES;
				CLANG_WARN_DIRECT_OBJC_ISA_USAGE = YES_ERROR;
				CLANG_WARN_EMPTY_BODY = YES;
				CLANG_WARN_ENUM_CONVERSION = YES;
				CLANG_WARN_INT_CONVERSION = YES;
				CLANG_WARN_OBJC_ROOT_CLASS = YES_ERROR;
				CLANG_WARN_UNREACHABLE_CODE = YES;
				CLANG_WARN__DUPLICATE_METHOD_MATCH = YES;
				"CODE_SIGN_IDENTITY[sdk=iphoneos*]" = "iPhone Developer";
				COPY_PHASE_STRIP = NO;
				DEBUG_INFORMATION_FORMAT = "dwarf-with-dsym";
				ENABLE_NS_ASSERTIONS = NO;
				ENABLE_STRICT_OBJC_MSGSEND = YES;
				GCC_C_LANGUAGE_STANDARD = gnu99;
				GCC_NO_COMMON_BLOCKS = YES;
				GCC_WARN_64_TO_32_BIT_CONVERSION = YES;
				GCC_WARN_ABOUT_RETURN_TYPE = YES_ERROR;
				GCC_WARN_UNDECLARED_SELECTOR = YES;
				GCC_WARN_UNINITIALIZED_AUTOS = YES_AGGRESSIVE;
				GCC_WARN_UNUSED_FUNCTION = YES;
				GCC_WARN_UNUSED_VARIABLE = YES;
				IPHONEOS_DEPLOYMENT_TARGET = 9.2;
				MTL_ENABLE_DEBUG_INFO = NO;
				SDKROOT = iphoneos;
				TARGETED_DEVICE_FAMILY = "1,2";
				VALIDATE_PRODUCT = YES;
			};
			name = Release;
		};
		C7A85F431C78C137007E9A00 /* Debug */ = {
			isa = XCBuildConfiguration;
			baseConfigurationReference = 34DDF0BECBEEC4F8A29624B0 /* Pods.debug.xcconfig */;
			buildSettings = {
				ASSETCATALOG_COMPILER_APPICON_NAME = AppIcon;
				CODE_SIGN_IDENTITY = "iPhone Developer";
				"CODE_SIGN_IDENTITY[sdk=iphoneos*]" = "iPhone Developer";
				FRAMEWORK_SEARCH_PATHS = (
					"$(inherited)",
					"$(PROJECT_DIR)/reader",
				);
				INFOPLIST_FILE = reader/Info.plist;
				IPHONEOS_DEPLOYMENT_TARGET = 9.0;
				LD_RUNPATH_SEARCH_PATHS = "$(inherited) @executable_path/Frameworks";
				PRODUCT_BUNDLE_IDENTIFIER = com.zizhengwu.reader;
				PRODUCT_NAME = reader;
				PROVISIONING_PROFILE = "";
			};
			name = Debug;
		};
		C7A85F441C78C137007E9A00 /* Release */ = {
			isa = XCBuildConfiguration;
			baseConfigurationReference = 6D8C8D5A977A8A10AC4E433F /* Pods.release.xcconfig */;
			buildSettings = {
				ASSETCATALOG_COMPILER_APPICON_NAME = AppIcon;
				CODE_SIGN_IDENTITY = "iPhone Developer";
				"CODE_SIGN_IDENTITY[sdk=iphoneos*]" = "iPhone Developer";
				FRAMEWORK_SEARCH_PATHS = (
					"$(inherited)",
					"$(PROJECT_DIR)/reader",
				);
				INFOPLIST_FILE = reader/Info.plist;
				IPHONEOS_DEPLOYMENT_TARGET = 9.0;
				LD_RUNPATH_SEARCH_PATHS = "$(inherited) @executable_path/Frameworks";
				PRODUCT_BUNDLE_IDENTIFIER = com.zizhengwu.reader;
				PRODUCT_NAME = reader;
				PROVISIONING_PROFILE = "";
			};
			name = Release;
		};
/* End XCBuildConfiguration section */

/* Begin XCConfigurationList section */
		C7A85F2B1C78C137007E9A00 /* Build configuration list for PBXProject "reader" */ = {
			isa = XCConfigurationList;
			buildConfigurations = (
				C7A85F401C78C137007E9A00 /* Debug */,
				C7A85F411C78C137007E9A00 /* Release */,
			);
			defaultConfigurationIsVisible = 0;
			defaultConfigurationName = Release;
		};
		C7A85F421C78C137007E9A00 /* Build configuration list for PBXNativeTarget "reader" */ = {
			isa = XCConfigurationList;
			buildConfigurations = (
				C7A85F431C78C137007E9A00 /* Debug */,
				C7A85F441C78C137007E9A00 /* Release */,
			);
			defaultConfigurationIsVisible = 0;
			defaultConfigurationName = Release;
		};
/* End XCConfigurationList section */
	};
	rootObject = C7A85F281C78C137007E9A00 /* Project object */;
}
